{
  "requires": true,
  "lockfileVersion": 1,
  "dependencies": {
    "vue": {
      "version": "2.6.11",
      "resolved": "https://registry.npmjs.org/vue/-/vue-2.6.11.tgz",
      "integrity": "sha512-VfPwgcGABbGAue9+sfrD4PuwFar7gPb1yl1UK1MwXoQPAw0BKSqWfoYCT/ThFrdEVWoI51dBuyCoiNU9bZDZxQ=="
    },
    "vue-import-and-use": {
      "version": "0.1.2",
      "resolved": "https://registry.npmjs.org/vue-import-and-use/-/vue-import-and-use-0.1.2.tgz",
      "integrity": "sha512-ONjn4hZXCQ1rT4lFV9CH3s6RHa/qZvXP/Es3REwW1aYRaVeO1v36mmeBUoJgja0DM7Eh0e5rltpZaqdfIaJpNw=="
    },
    "vuetify": {
      "version": "2.3.3",
      "resolved": "https://registry.npmjs.org/vuetify/-/vuetify-2.3.3.tgz",
      "integrity": "sha512-N9Rwx/cscIdHfBItHxiwkhmoxIVyZLBRWd/5LJJs4aVZIX6qkjQV6ThhxzqCYgFDb2jKMftavWX5hNQTxA9qEA=="
    }
  }
}
